<Solution>
  <Folder Name="/src/">
    <Project Path="src/Tessera.Broker/Tessera.Broker.csproj" />
    <Project Path="src/Tessera.Cli/Tessera.Cli.csproj" />
    <Project Path="src/Tessera.Core/Tessera.Core.csproj" />
    <Project Path="src/Tessera.Identity/Tessera.Identity.csproj" />
    <Project Path="src/Tessera.Mcp/Tessera.Mcp.csproj" />
    <Project Path="src/Tessera.Mcp.Client/Tessera.Mcp.Client.csproj" />
    <Project Path="src/Tessera.Persistence.Sqlite/Tessera.Persistence.Sqlite.csproj" />
    <Project Path="src/Tessera.Plugin.Abstractions/Tessera.Plugin.Abstractions.csproj" />
    <Project Path="src/Tessera.Plugins.GitHub/Tessera.Plugins.GitHub.csproj" />
    <Project Path="src/Tessera.Plugins.Gmail/Tessera.Plugins.Gmail.csproj" />
    <Project Path="src/Tessera.Plugins.OneDrive/Tessera.Plugins.OneDrive.csproj" />
    <Project Path="src/Tessera.Plugins.ReginaMaria/Tessera.Plugins.ReginaMaria.csproj" />
    <Project Path="src/Tessera.Providers/Tessera.Providers.csproj" />
    <Project Path="src/Tessera.Stores.AzureKeyVault/Tessera.Stores.AzureKeyVault.csproj" />
  </Folder>
  <Folder Name="/tests/">
    <Project Path="tests/Tessera.Architecture.Tests/Tessera.Architecture.Tests.csproj" />
    <Project Path="tests/Tessera.Broker.Tests/Tessera.Broker.Tests.csproj" />
    <Project Path="tests/Tessera.Core.Tests/Tessera.Core.Tests.csproj" />
    <Project Path="tests/Tessera.Identity.Tests/Tessera.Identity.Tests.csproj" />
    <Project Path="tests/Tessera.Mcp.Tests/Tessera.Mcp.Tests.csproj" />
    <Project Path="tests/Tessera.Mcp.Client.Tests/Tessera.Mcp.Client.Tests.csproj" />
    <Project Path="tests/Tessera.Persistence.Sqlite.Tests/Tessera.Persistence.Sqlite.Tests.csproj" />
    <Project Path="tests/Tessera.Plugin.Abstractions.Tests/Tessera.Plugin.Abstractions.Tests.csproj" />
    <Project Path="tests/Tessera.Plugins.GitHub.Tests/Tessera.Plugins.GitHub.Tests.csproj" />
    <Project Path="tests/Tessera.Plugins.Gmail.Tests/Tessera.Plugins.Gmail.Tests.csproj" />
    <Project Path="tests/Tessera.Plugins.OneDrive.Tests/Tessera.Plugins.OneDrive.Tests.csproj" />
    <Project Path="tests/Tessera.Plugins.ReginaMaria.Tests/Tessera.Plugins.ReginaMaria.Tests.csproj" />
    <Project Path="tests/Tessera.Providers.Tests/Tessera.Providers.Tests.csproj" />
    <Project Path="tests/Tessera.Stores.AzureKeyVault.Tests/Tessera.Stores.AzureKeyVault.Tests.csproj" />
  </Folder>
</Solution>
